// !$*UTF8*$!
{
	archiveVersion = 1;
	classes = {
	};
	objectVersion = 50;
	objects = {

/* Begin PBXBuildFile section */
		AEA58F9622DEF3230045CF6E /* AppDelegate.swift in Sources */ = {isa = PBXBuildFile; fileRef = AEA58F9522DEF3230045CF6E /* AppDelegate.swift */; };
		AEA58F9822DEF3230045CF6E /* ViewController.swift in Sources */ = {isa = PBXBuildFile; fileRef = AEA58F9722DEF3230045CF6E /* ViewController.swift */; };
		AEA58F9B22DEF3230045CF6E /* Main.storyboard in Resources */ = {isa = PBXBuildFile; fileRef = AEA58F9922DEF3230045CF6E /* Main.storyboard */; };
		AEA58F9D22DEF3240045CF6E /* Assets.xcassets in Resources */ = {isa = PBXBuildFile; fileRef = AEA58F9C22DEF3240045CF6E /* Assets.xcassets */; };
		AEA58FA022DEF3240045CF6E /* LaunchScreen.storyboard in Resources */ = {isa = PBXBuildFile; fileRef = AEA58F9E22DEF3240045CF6E /* LaunchScreen.storyboard */; };
		AEA58FAD22DEFD660045CF6E /* WordsCollectionViewCell.swift in Sources */ = {isa = PBXBuildFile; fileRef = AEA58FAB22DEFD660045CF6E /* WordsCollectionViewCell.swift */; };
		AEA58FAE22DEFD660045CF6E /* WordsCollectionViewCell.xib in Resources */ = {isa = PBXBuildFile; fileRef = AEA58FAC22DEFD660045CF6E /* WordsCollectionViewCell.xib */; };
		AEA58FB022DF45020045CF6E /* FlowLayout.swift in Sources */ = {isa = PBXBuildFile; fileRef = AEA58FAF22DF45020045CF6E /* FlowLayout.swift */; };
		AEB96FC622E052370093B975 /* Label + Extension.swift in Sources */ = {isa = PBXBuildFile; fileRef = AEB96FC522E052370093B975 /* Label + Extension.swift */; };
/* End PBXBuildFile section */

/* Begin PBXFileReference section */
		AEA58F9222DEF3230045CF6E /* TagListView.app */ = {isa = PBXFileReference; explicitFileType = wrapper.application; includeInIndex = 0; path = TagListView.app; sourceTree = BUILT_PRODUCTS_DIR; };
		AEA58F9522DEF3230045CF6E /* AppDelegate.swift */ = {isa = PBXFileReference; lastKnownFileType = sourcecode.swift; path = AppDelegate.swift; sourceTree = "<group>"; };
		AEA58F9722DEF3230045CF6E /* ViewController.swift */ = {isa = PBXFileReference; lastKnownFileType = sourcecode.swift; path = ViewController.swift; sourceTree = "<group>"; };
		AEA58F9A22DEF3230045CF6E /* Base */ = {isa = PBXFileReference; lastKnownFileType = file.storyboard; name = Base; path = Base.lproj/Main.storyboard; sourceTree = "<group>"; };
		AEA58F9C22DEF3240045CF6E /* Assets.xcassets */ = {isa = PBXFileReference; lastKnownFileType = folder.assetcatalog; path = Assets.xcassets; sourceTree = "<group>"; };
		AEA58F9F22DEF3240045CF6E /* Base */ = {isa = PBXFileReference; lastKnownFileType = file.storyboard; name = Base; path = Base.lproj/LaunchScreen.storyboard; sourceTree = "<group>"; };
		AEA58FA122DEF3240045CF6E /* Info.plist */ = {isa = PBXFileReference; lastKnownFileType = text.plist.xml; path = Info.plist; sourceTree = "<group>"; };
		AEA58FAB22DEFD660045CF6E /* WordsCollectionViewCell.swift */ = {isa = PBXFileReference; lastKnownFileType = sourcecode.swift; path = WordsCollectionViewCell.swift; sourceTree = "<group>"; };
		AEA58FAC22DEFD660045CF6E /* WordsCollectionViewCell.xib */ = {isa = PBXFileReference; lastKnownFileType = file.xib; path = WordsCollectionViewCell.xib; sourceTree = "<group>"; };
		AEA58FAF22DF45020045CF6E /* FlowLayout.swift */ = {isa = PBXFileReference; lastKnownFileType = sourcecode.swift; path = FlowLayout.swift; sourceTree = "<group>"; };
		AEB96FC522E052370093B975 /* Label + Extension.swift */ = {isa = PBXFileReference; lastKnownFileType = sourcecode.swift; path = "Label + Extension.swift"; sourceTree = "<group>"; };
/* End PBXFileReference section */

/* Begin PBXFrameworksBuildPhase section */
		AEA58F8F22DEF3230045CF6E /* Frameworks */ = {
			isa = PBXFrameworksBuildPhase;
			buildActionMask = 2147483647;
			files = (
			);
			runOnlyForDeploymentPostprocessing = 0;
		};
/* End PBXFrameworksBuildPhase section */

/* Begin PBXGroup section */
		AEA58F8922DEF3230045CF6E = {
			isa = PBXGroup;
			children = (
				AEA58F9422DEF3230045CF6E /* TagListView */,
				AEA58F9322DEF3230045CF6E /* Products */,
			);
			sourceTree = "<group>";
		};
		AEA58F9322DEF3230045CF6E /* Products */ = {
			isa = PBXGroup;
			children = (
				AEA58F9222DEF3230045CF6E /* TagListView.app */,
			);
			name = Products;
			sourceTree = "<group>";
		};
		AEA58F9422DEF3230045CF6E /* TagListView */ = {
			isa = PBXGroup;
			children = (
				AEB96FC222E0519E0093B975 /* Extension */,
				AEA58FA922DEFD140045CF6E /* Controller */,
				AEA58FA822DEFD0F0045CF6E /* View */,
				AEA58FA722DEFD080045CF6E /* Model */,
				AEA58F9522DEF3230045CF6E /* AppDelegate.swift */,
				AEA58F9C22DEF3240045CF6E /* Assets.xcassets */,
				AEA58F9E22DEF3240045CF6E /* LaunchScreen.storyboard */,
				AEA58FA122DEF3240045CF6E /* Info.plist */,
			);
			path = TagListView;
			sourceTree = "<group>";
		};
		AEA58FA722DEFD080045CF6E /* Model */ = {
			isa = PBXGroup;
			children = (
				AEA58FAF22DF45020045CF6E /* FlowLayout.swift */,
			);
			path = Model;
			sourceTree = "<group>";
		};
		AEA58FA822DEFD0F0045CF6E /* View */ = {
			isa = PBXGroup;
			children = (
				AEA58FAA22DEFD2F0045CF6E /* CollectionviewCell */,
				AEA58F9922DEF3230045CF6E /* Main.storyboard */,
			);
			path = View;
			sourceTree = "<group>";
		};
		AEA58FA922DEFD140045CF6E /* Controller */ = {
			isa = PBXGroup;
			children = (
				AEA58F9722DEF3230045CF6E /* ViewController.swift */,
			);
			path = Controller;
			sourceTree = "<group>";
		};
		AEA58FAA22DEFD2F0045CF6E /* CollectionviewCell */ = {
			isa = PBXGroup;
			children = (
				AEA58FAB22DEFD660045CF6E /* WordsCollectionViewCell.swift */,
				AEA58FAC22DEFD660045CF6E /* WordsCollectionViewCell.xib */,
			);
			path = CollectionviewCell;
			sourceTree = "<group>";
		};
		AEB96FC222E0519E0093B975 /* Extension */ = {
			isa = PBXGroup;
			children = (
				AEB96FC522E052370093B975 /* Label + Extension.swift */,
			);
			path = Extension;
			sourceTree = "<group>";
		};
/* End PBXGroup section */

/* Begin PBXNativeTarget section */
		AEA58F9122DEF3230045CF6E /* TagListView */ = {
			isa = PBXNativeTarget;
			buildConfigurationList = AEA58FA422DEF3240045CF6E /* Build configuration list for PBXNativeTarget "TagListView" */;
			buildPhases = (
				AEA58F8E22DEF3230045CF6E /* Sources */,
				AEA58F8F22DEF3230045CF6E /* Frameworks */,
				AEA58F9022DEF3230045CF6E /* Resources */,
			);
			buildRules = (
			);
			dependencies = (
			);
			name = TagListView;
			productName = CollectionViewDynamicwidthDemo;
			productReference = AEA58F9222DEF3230045CF6E /* TagListView.app */;
			productType = "com.apple.product-type.application";
		};
/* End PBXNativeTarget section */

/* Begin PBXProject section */
		AEA58F8A22DEF3230045CF6E /* Project object */ = {
			isa = PBXProject;
			attributes = {
				LastSwiftUpdateCheck = 1020;
				LastUpgradeCheck = 1020;
				ORGANIZATIONNAME = "Tristate Technology";
				TargetAttributes = {
					AEA58F9122DEF3230045CF6E = {
						CreatedOnToolsVersion = 10.2.1;
					};
				};
			};
			buildConfigurationList = AEA58F8D22DEF3230045CF6E /* Build configuration list for PBXProject "TagListView" */;
			compatibilityVersion = "Xcode 9.3";
			developmentRegion = en;
			hasScannedForEncodings = 0;
			knownRegions = (
				en,
				Base,
			);
			mainGroup = AEA58F8922DEF3230045CF6E;
			productRefGroup = AEA58F9322DEF3230045CF6E /* Products */;
			projectDirPath = "";
			projectRoot = "";
			targets = (
				AEA58F9122DEF3230045CF6E /* TagListView */,
			);
		};
/* End PBXProject section */

/* Begin PBXResourcesBuildPhase section */
		AEA58F9022DEF3230045CF6E /* Resources */ = {
			isa = PBXResourcesBuildPhase;
			buildActionMask = 2147483647;
			files = (
				AEA58FA022DEF3240045CF6E /* LaunchScreen.storyboard in Resources */,
				AEA58F9D22DEF3240045CF6E /* Assets.xcassets in Resources */,
				AEA58FAE22DEFD660045CF6E /* WordsCollectionViewCell.xib in Resources */,
				AEA58F9B22DEF3230045CF6E /* Main.storyboard in Resources */,
			);
			runOnlyForDeploymentPostprocessing = 0;
		};
/* End PBXResourcesBuildPhase section */

/* Begin PBXSourcesBuildPhase section */
		AEA58F8E22DEF3230045CF6E /* Sources */ = {
			isa = PBXSourcesBuildPhase;
			buildActionMask = 2147483647;
			files = (
				AEB96FC622E052370093B975 /* Label + Extension.swift in Sources */,
				AEA58F9822DEF3230045CF6E /* ViewController.swift in Sources */,
				AEA58FB022DF45020045CF6E /* FlowLayout.swift in Sources */,
				AEA58FAD22DEFD660045CF6E /* WordsCollectionViewCell.swift in Sources */,
				AEA58F9622DEF3230045CF6E /* AppDelegate.swift in Sources */,
			);
			runOnlyForDeploymentPostprocessing = 0;
		};
/* End PBXSourcesBuildPhase section */

/* Begin PBXVariantGroup section */
		AEA58F9922DEF3230045CF6E /* Main.storyboard */ = {
			isa = PBXVariantGroup;
			children = (
				AEA58F9A22DEF3230045CF6E /* Base */,
			);
			name = Main.storyboard;
			sourceTree = "<group>";
		};
		AEA58F9E22DEF3240045CF6E /* LaunchScreen.storyboard */ = {
			isa = PBXVariantGroup;
			children = (
				AEA58F9F22DEF3240045CF6E /* Base */,
			);
			name = LaunchScreen.storyboard;
			sourceTree = "<group>";
		};
/* End PBXVariantGroup section */

/* Begin XCBuildConfiguration section */
		AEA58FA222DEF3240045CF6E /* Debug */ = {
			isa = XCBuildConfiguration;
			buildSettings = {
				ALWAYS_SEARCH_USER_PATHS = NO;
				CLANG_ANALYZER_NONNULL = YES;
				CLANG_ANALYZER_NUMBER_OBJECT_CONVERSION = YES_AGGRESSIVE;
				CLANG_CXX_LANGUAGE_STANDARD = "gnu++14";
				CLANG_CXX_LIBRARY = "libc++";
				CLANG_ENABLE_MODULES = YES;
				CLANG_ENABLE_OBJC_ARC = YES;
				CLANG_ENABLE_OBJC_WEAK = YES;
				CLANG_WARN_BLOCK_CAPTURE_AUTORELEASING = YES;
				CLANG_WARN_BOOL_CONVERSION = YES;
				CLANG_WARN_COMMA = YES;
				CLANG_WARN_CONSTANT_CONVERSION = YES;
				CLANG_WARN_DEPRECATED_OBJC_IMPLEMENTATIONS = YES;
				CLANG_WARN_DIRECT_OBJC_ISA_USAGE = YES_ERROR;
				CLANG_WARN_DOCUMENTATION_COMMENTS = YES;
				CLANG_WARN_EMPTY_BODY = YES;
				CLANG_WARN_ENUM_CONVERSION = YES;
				CLANG_WARN_INFINITE_RECURSION = YES;
				CLANG_WARN_INT_CONVERSION = YES;
				CLANG_WARN_NON_LITERAL_NULL_CONVERSION = YES;
				CLANG_WARN_OBJC_IMPLICIT_RETAIN_SELF = YES;
				CLANG_WARN_OBJC_LITERAL_CONVERSION = YES;
				CLANG_WARN_OBJC_ROOT_CLASS = YES_ERROR;
				CLANG_WARN_RANGE_LOOP_ANALYSIS = YES;
				CLANG_WARN_STRICT_PROTOTYPES = YES;
				CLANG_WARN_SUSPICIOUS_MOVE = YES;
				CLANG_WARN_UNGUARDED_AVAILABILITY = YES_AGGRESSIVE;
				CLANG_WARN_UNREACHABLE_CODE = YES;
				CLANG_WARN__DUPLICATE_METHOD_MATCH = YES;
				CODE_SIGN_IDENTITY = "iPhone Developer";
				COPY_PHASE_STRIP = NO;
				DEBUG_INFORMATION_FORMAT = dwarf;
				ENABLE_STRICT_OBJC_MSGSEND = YES;
				ENABLE_TESTABILITY = YES;
				GCC_C_LANGUAGE_STANDARD = gnu11;
				GCC_DYNAMIC_NO_PIC = NO;
				GCC_NO_COMMON_BLOCKS = YES;
				GCC_OPTIMIZATION_LEVEL = 0;
				GCC_PREPROCESSOR_DEFINITIONS = (
					"DEBUG=1",
					"$(inherited)",
				);
				GCC_WARN_64_TO_32_BIT_CONVERSION = YES;
				GCC_WARN_ABOUT_RETURN_TYPE = YES_ERROR;
				GCC_WARN_UNDECLARED_SELECTOR = YES;
				GCC_WARN_UNINITIALIZED_AUTOS = YES_AGGRESSIVE;
				GCC_WARN_UNUSED_FUNCTION = YES;
				GCC_WARN_UNUSED_VARIABLE = YES;
				IPHONEOS_DEPLOYMENT_TARGET = 12.2;
				MTL_ENABLE_DEBUG_INFO = INCLUDE_SOURCE;
				MTL_FAST_MATH = YES;
				ONLY_ACTIVE_ARCH = YES;
				SDKROOT = iphoneos;
				SWIFT_ACTIVE_COMPILATION_CONDITIONS = DEBUG;
				SWIFT_OPTIMIZATION_LEVEL = "-Onone";
			};
			name = Debug;
		};
		AEA58FA322DEF3240045CF6E /* Release */ = {
			isa = XCBuildConfiguration;
			buildSettings = {
				ALWAYS_SEARCH_USER_PATHS = NO;
				CLANG_ANALYZER_NONNULL = YES;
				CLANG_ANALYZER_NUMBER_OBJECT_CONVERSION = YES_AGGRESSIVE;
				CLANG_CXX_LANGUAGE_STANDARD = "gnu++14";
				CLANG_CXX_LIBRARY = "libc++";
				CLANG_ENABLE_MODULES = YES;
				CLANG_ENABLE_OBJC_ARC = YES;
				CLANG_ENABLE_OBJC_WEAK = YES;
				CLANG_WARN_BLOCK_CAPTURE_AUTORELEASING = YES;
				CLANG_WARN_BOOL_CONVERSION = YES;
				CLANG_WARN_COMMA = YES;
				CLANG_WARN_CONSTANT_CONVERSION = YES;
				CLANG_WARN_DEPRECATED_OBJC_IMPLEMENTATIONS = YES;
				CLANG_WARN_DIRECT_OBJC_ISA_USAGE = YES_ERROR;
				CLANG_WARN_DOCUMENTATION_COMMENTS = YES;
				CLANG_WARN_EMPTY_BODY = YES;
				CLANG_WARN_ENUM_CONVERSION = YES;
				CLANG_WARN_INFINITE_RECURSION = YES;
				CLANG_WARN_INT_CONVERSION = YES;
				CLANG_WARN_NON_LITERAL_NULL_CONVERSION = YES;
				CLANG_WARN_OBJC_IMPLICIT_RETAIN_SELF = YES;
				CLANG_WARN_OBJC_LITERAL_CONVERSION = YES;
				CLANG_WARN_OBJC_ROOT_CLASS = YES_ERROR;
				CLANG_WARN_RANGE_LOOP_ANALYSIS = YES;
				CLANG_WARN_STRICT_PROTOTYPES = YES;
				CLANG_WARN_SUSPICIOUS_MOVE = YES;
				CLANG_WARN_UNGUARDED_AVAILABILITY = YES_AGGRESSIVE;
				CLANG_WARN_UNREACHABLE_CODE = YES;
				CLANG_WARN__DUPLICATE_METHOD_MATCH = YES;
				CODE_SIGN_IDENTITY = "iPhone Developer";
				COPY_PHASE_STRIP = NO;
				DEBUG_INFORMATION_FORMAT = "dwarf-with-dsym";
				ENABLE_NS_ASSERTIONS = NO;
				ENABLE_STRICT_OBJC_MSGSEND = YES;
				GCC_C_LANGUAGE_STANDARD = gnu11;
				GCC_NO_COMMON_BLOCKS = YES;
				GCC_WARN_64_TO_32_BIT_CONVERSION = YES;
				GCC_WARN_ABOUT_RETURN_TYPE = YES_ERROR;
				GCC_WARN_UNDECLARED_SELECTOR = YES;
				GCC_WARN_UNINITIALIZED_AUTOS = YES_AGGRESSIVE;
				GCC_WARN_UNUSED_FUNCTION = YES;
				GCC_WARN_UNUSED_VARIABLE = YES;
				IPHONEOS_DEPLOYMENT_TARGET = 12.2;
				MTL_ENABLE_DEBUG_INFO = NO;
				MTL_FAST_MATH = YES;
				SDKROOT = iphoneos;
				SWIFT_COMPILATION_MODE = wholemodule;
				SWIFT_OPTIMIZATION_LEVEL = "-O";
				VALIDATE_PRODUCT = YES;
			};
			name = Release;
		};
		AEA58FA522DEF3240045CF6E /* Debug */ = {
			isa = XCBuildConfiguration;
			buildSettings = {
				ASSETCATALOG_COMPILER_APPICON_NAME = AppIcon;
				CODE_SIGN_STYLE = Manual;
				DEVELOPMENT_TEAM = 327TPG23FM;
				INFOPLIST_FILE = "$(SRCROOT)/TagListView/Info.plist";
				IPHONEOS_DEPLOYMENT_TARGET = 10.0;
				LD_RUNPATH_SEARCH_PATHS = (
					"$(inherited)",
					"@executable_path/Frameworks",
				);
				PRODUCT_BUNDLE_IDENTIFIER = com.tristate.TagListView;
				PRODUCT_NAME = "$(TARGET_NAME)";
				PROVISIONING_PROFILE_SPECIFIER = "Tristate General";
				SWIFT_VERSION = 5.0;
				TARGETED_DEVICE_FAMILY = 1;
			};
			name = Debug;
		};
		AEA58FA622DEF3240045CF6E /* Release */ = {
			isa = XCBuildConfiguration;
			buildSettings = {
				ASSETCATALOG_COMPILER_APPICON_NAME = AppIcon;
				CODE_SIGN_STYLE = Manual;
				DEVELOPMENT_TEAM = 327TPG23FM;
				INFOPLIST_FILE = "$(SRCROOT)/TagListView/Info.plist";
				IPHONEOS_DEPLOYMENT_TARGET = 10.0;
				LD_RUNPATH_SEARCH_PATHS = (
					"$(inherited)",
					"@executable_path/Frameworks",
				);
				PRODUCT_BUNDLE_IDENTIFIER = com.tristate.TagListView;
				PRODUCT_NAME = "$(TARGET_NAME)";
				PROVISIONING_PROFILE_SPECIFIER = "Tristate General";
				SWIFT_VERSION = 5.0;
				TARGETED_DEVICE_FAMILY = 1;
			};
			name = Release;
		};
/* End XCBuildConfiguration section */

/* Begin XCConfigurationList section */
		AEA58F8D22DEF3230045CF6E /* Build configuration list for PBXProject "TagListView" */ = {
			isa = XCConfigurationList;
			buildConfigurations = (
				AEA58FA222DEF3240045CF6E /* Debug */,
				AEA58FA322DEF3240045CF6E /* Release */,
			);
			defaultConfigurationIsVisible = 0;
			defaultConfigurationName = Release;
		};
		AEA58FA422DEF3240045CF6E /* Build configuration list for PBXNativeTarget "TagListView" */ = {
			isa = XCConfigurationList;
			buildConfigurations = (
				AEA58FA522DEF3240045CF6E /* Debug */,
				AEA58FA622DEF3240045CF6E /* Release */,
			);
			defaultConfigurationIsVisible = 0;
			defaultConfigurationName = Release;
		};
/* End XCConfigurationList section */
	};
	rootObject = AEA58F8A22DEF3230045CF6E /* Project object */;
}
